
Microsoft Visual Studio Solution File, Format Version 12.00
# Visual Studio 15
Project("{FAE04EC0-301F-11D3-BF4B-00C04F79EFBC}") = "CuponeraUniversitaria.Api", "CuponeraUniversitaria.Api\CuponeraUniversitaria.Api.csproj", "{DEF4B3EC-396E-4BDC-9A47-0FC603BE2317}"
EndProject
Project("{FAE04EC0-301F-11D3-BF4B-00C04F79EFBC}") = "CuponeraUniversitaria.Domain", "CuponeraUniversitaria.Domain\CuponeraUniversitaria.Domain.csproj", "{C5A411E4-654D-45D0-8812-7A23239295FD}"
EndProject
Project("{FAE04EC0-301F-11D3-BF4B-00C04F79EFBC}") = "CuponeraUniversitaria.Infrastructure", "CuponeraUniversitaria.Infrastructure\CuponeraUniversitaria.Infrastructure.csproj", "{B0AC5CFA-3F75-49A1-8D6E-56B87BF57023}"
EndProject
Global
	GlobalSection(SolutionConfigurationPlatforms) = preSolution
		Debug|Any CPU = Debug|Any CPU
		Release|Any CPU = Release|Any CPU
	EndGlobalSection
	GlobalSection(ProjectConfigurationPlatforms) = postSolution
		{DEF4B3EC-396E-4BDC-9A47-0FC603BE2317}.Debug|Any CPU.ActiveCfg = Debug|Any CPU
		{DEF4B3EC-396E-4BDC-9A47-0FC603BE2317}.Debug|Any CPU.Build.0 = Debug|Any CPU
		{DEF4B3EC-396E-4BDC-9A47-0FC603BE2317}.Release|Any CPU.ActiveCfg = Release|Any CPU
		{DEF4B3EC-396E-4BDC-9A47-0FC603BE2317}.Release|Any CPU.Build.0 = Release|Any CPU
		{C5A411E4-654D-45D0-8812-7A23239295FD}.Debug|Any CPU.ActiveCfg = Debug|Any CPU
		{C5A411E4-654D-45D0-8812-7A23239295FD}.Debug|Any CPU.Build.0 = Debug|Any CPU
		{C5A411E4-654D-45D0-8812-7A23239295FD}.Release|Any CPU.ActiveCfg = Release|Any CPU
		{C5A411E4-654D-45D0-8812-7A23239295FD}.Release|Any CPU.Build.0 = Release|Any CPU
		{B0AC5CFA-3F75-49A1-8D6E-56B87BF57023}.Debug|Any CPU.ActiveCfg = Debug|Any CPU
		{B0AC5CFA-3F75-49A1-8D6E-56B87BF57023}.Debug|Any CPU.Build.0 = Debug|Any CPU
		{B0AC5CFA-3F75-49A1-8D6E-56B87BF57023}.Release|Any CPU.ActiveCfg = Release|Any CPU
		{B0AC5CFA-3F75-49A1-8D6E-56B87BF57023}.Release|Any CPU.Build.0 = Release|Any CPU
	EndGlobalSection
EndGlobal
